// !$*UTF8*$!
{
	archiveVersion = 1;
	classes = {
	};
	objectVersion = 56;
	objects = {

/* Begin PBXBuildFile section */
		D7C243EC2B6A41EC005DD0FB /* Hear_it_AllApp.swift in Sources */ = {isa = PBXBuildFile; fileRef = D7C243EB2B6A41EC005DD0FB /* Hear_it_AllApp.swift */; };
		D7C243EE2B6A41EC005DD0FB /* StartView.swift in Sources */ = {isa = PBXBuildFile; fileRef = D7C243ED2B6A41EC005DD0FB /* StartView.swift */; };
		D7C243F02B6A41ED005DD0FB /* Assets.xcassets in Resources */ = {isa = PBXBuildFile; fileRef = D7C243EF2B6A41ED005DD0FB /* Assets.xcassets */; };
		D7C243F32B6A41ED005DD0FB /* Preview Assets.xcassets in Resources */ = {isa = PBXBuildFile; fileRef = D7C243F22B6A41ED005DD0FB /* Preview Assets.xcassets */; };
		D7C243FD2B6A41ED005DD0FB /* Hear_it_AllTests.swift in Sources */ = {isa = PBXBuildFile; fileRef = D7C243FC2B6A41ED005DD0FB /* Hear_it_AllTests.swift */; };
		D7C244072B6A41ED005DD0FB /* Hear_it_AllUITests.swift in Sources */ = {isa = PBXBuildFile; fileRef = D7C244062B6A41ED005DD0FB /* Hear_it_AllUITests.swift */; };
		D7C244092B6A41ED005DD0FB /* Hear_it_AllUITestsLaunchTests.swift in Sources */ = {isa = PBXBuildFile; fileRef = D7C244082B6A41ED005DD0FB /* Hear_it_AllUITestsLaunchTests.swift */; };
		E300BDE12B9DFA6900AA57C5 /* SignUpView.swift in Sources */ = {isa = PBXBuildFile; fileRef = E300BDE02B9DFA6900AA57C5 /* SignUpView.swift */; };
		E300BDE32B9DFCA600AA57C5 /* SignViewModel.swift in Sources */ = {isa = PBXBuildFile; fileRef = E300BDE22B9DFCA600AA57C5 /* SignViewModel.swift */; };
		E300BDE62B9E027C00AA57C5 /* DatabaseService.swift in Sources */ = {isa = PBXBuildFile; fileRef = E300BDE52B9E027C00AA57C5 /* DatabaseService.swift */; };
		E300BDE82B9E030800AA57C5 /* ProfileModel.swift in Sources */ = {isa = PBXBuildFile; fileRef = E300BDE72B9E030800AA57C5 /* ProfileModel.swift */; };
		E300BDEB2B9E15AF00AA57C5 /* Toast in Frameworks */ = {isa = PBXBuildFile; productRef = E300BDEA2B9E15AF00AA57C5 /* Toast */; };
		E300BDEE2B9E1ED400AA57C5 /* PopupView in Frameworks */ = {isa = PBXBuildFile; productRef = E300BDED2B9E1ED400AA57C5 /* PopupView */; };
		E300BDF02B9E2EA000AA57C5 /* UserAuthListener.swift in Sources */ = {isa = PBXBuildFile; fileRef = E300BDEF2B9E2EA000AA57C5 /* UserAuthListener.swift */; };
		E300BDF32B9E30FF00AA57C5 /* AlertToast in Frameworks */ = {isa = PBXBuildFile; productRef = E300BDF22B9E30FF00AA57C5 /* AlertToast */; };
		E30572692B8CD05800AF956D /* LanguageModel.swift in Sources */ = {isa = PBXBuildFile; fileRef = E30572682B8CD05800AF956D /* LanguageModel.swift */; };
		E305726C2B8CD72600AF956D /* ChooseLanguageView.swift in Sources */ = {isa = PBXBuildFile; fileRef = E305726B2B8CD72600AF956D /* ChooseLanguageView.swift */; };
		E305726E2B8CEC5100AF956D /* SaveToStorage.swift in Sources */ = {isa = PBXBuildFile; fileRef = E305726D2B8CEC5100AF956D /* SaveToStorage.swift */; };
		E30572702B8CF9C400AF956D /* LanguageHelper.swift in Sources */ = {isa = PBXBuildFile; fileRef = E305726F2B8CF9C400AF956D /* LanguageHelper.swift */; };
		E30F9ADE2B90CED4007CAC23 /* SoundRecognizerViewModel.swift in Sources */ = {isa = PBXBuildFile; fileRef = E30F9ADD2B90CED4007CAC23 /* SoundRecognizerViewModel.swift */; };
		E30F9AE02B90E72C007CAC23 /* SoundSelectionView.swift in Sources */ = {isa = PBXBuildFile; fileRef = E30F9ADF2B90E72C007CAC23 /* SoundSelectionView.swift */; };
		E33A54922BA4A6DC001DF339 /* CreatePostView.swift in Sources */ = {isa = PBXBuildFile; fileRef = E33A54912BA4A6DC001DF339 /* CreatePostView.swift */; };
		E33A54942BA4A84B001DF339 /* OpenPostView.swift in Sources */ = {isa = PBXBuildFile; fileRef = E33A54932BA4A84B001DF339 /* OpenPostView.swift */; };
		E33F47EB2B9F1D4700AA142C /* ForgotPasswordView.swift in Sources */ = {isa = PBXBuildFile; fileRef = E33F47EA2B9F1D4700AA142C /* ForgotPasswordView.swift */; };
		E33F47EE2B9F2AEA00AA142C /* SoundSettingsView.swift in Sources */ = {isa = PBXBuildFile; fileRef = E33F47ED2B9F2AEA00AA142C /* SoundSettingsView.swift */; };
		E33F47F02B9F2FB200AA142C /* SoundSettingsViewModel.swift in Sources */ = {isa = PBXBuildFile; fileRef = E33F47EF2B9F2FB200AA142C /* SoundSettingsViewModel.swift */; };
		E33F47F92B9F35A700AA142C /* CustomTabBar.swift in Sources */ = {isa = PBXBuildFile; fileRef = E33F47F82B9F35A700AA142C /* CustomTabBar.swift */; };
		E33F47FB2B9F366B00AA142C /* CommunityPostsView.swift in Sources */ = {isa = PBXBuildFile; fileRef = E33F47FA2B9F366B00AA142C /* CommunityPostsView.swift */; };
		E354DAE52B9F44D7005AFD29 /* ProfileSettingsView.swift in Sources */ = {isa = PBXBuildFile; fileRef = E354DAE42B9F44D7005AFD29 /* ProfileSettingsView.swift */; };
		E354DAE72B9F4B47005AFD29 /* ProfileSettingsViewmodel.swift in Sources */ = {isa = PBXBuildFile; fileRef = E354DAE62B9F4B47005AFD29 /* ProfileSettingsViewmodel.swift */; };
		E37DD2AE2BA0B88F00F445DD /* NotificationInAppListener.swift in Sources */ = {isa = PBXBuildFile; fileRef = E37DD2AD2BA0B88F00F445DD /* NotificationInAppListener.swift */; };
		E37DD2B02BA1EDDF00F445DD /* PostModel.swift in Sources */ = {isa = PBXBuildFile; fileRef = E37DD2AF2BA1EDDF00F445DD /* PostModel.swift */; };
		E37DD2B22BA215E500F445DD /* CreatePostViewModel.swift in Sources */ = {isa = PBXBuildFile; fileRef = E37DD2B12BA215E500F445DD /* CreatePostViewModel.swift */; };
		E37DD2B62BA24A1400F445DD /* SeePostsViewModel.swift in Sources */ = {isa = PBXBuildFile; fileRef = E37DD2B52BA24A1400F445DD /* SeePostsViewModel.swift */; };
		E395D73A2BA3400A00FE1E5B /* DateUtil.swift in Sources */ = {isa = PBXBuildFile; fileRef = E395D7392BA3400A00FE1E5B /* DateUtil.swift */; };
		E395D73C2BA3A13500FE1E5B /* KeyboardUtil.swift in Sources */ = {isa = PBXBuildFile; fileRef = E395D73B2BA3A13500FE1E5B /* KeyboardUtil.swift */; };
		E398550D2BA61A780015CFDE /* CommentModel.swift in Sources */ = {isa = PBXBuildFile; fileRef = E398550C2BA61A780015CFDE /* CommentModel.swift */; };
		E398550F2BA61B260015CFDE /* CommentView.swift in Sources */ = {isa = PBXBuildFile; fileRef = E398550E2BA61B260015CFDE /* CommentView.swift */; };
		E3A7F5A22B8BF2ED0006AF4D /* ColorsExtensions.swift in Sources */ = {isa = PBXBuildFile; fileRef = E3A7F5A12B8BF2ED0006AF4D /* ColorsExtensions.swift */; };
		E3A7F5A42B8C02DE0006AF4D /* SentenceUtils.swift in Sources */ = {isa = PBXBuildFile; fileRef = E3A7F5A32B8C02DE0006AF4D /* SentenceUtils.swift */; };
		E3D703ED2B8A4981000813B9 /* SpeechAndSoundToTextView.swift in Sources */ = {isa = PBXBuildFile; fileRef = E3D703EC2B8A4981000813B9 /* SpeechAndSoundToTextView.swift */; };
		E3D703EF2B8A4FED000813B9 /* SpeechRecognizerViewModel.swift in Sources */ = {isa = PBXBuildFile; fileRef = E3D703EE2B8A4FED000813B9 /* SpeechRecognizerViewModel.swift */; };
		E3D70DD92B98B62D004435F4 /* GoogleService-Info.plist in Resources */ = {isa = PBXBuildFile; fileRef = E3D70DD82B98B62C004435F4 /* GoogleService-Info.plist */; };
		E3D70DDC2B98B6D3004435F4 /* FirebaseAuth in Frameworks */ = {isa = PBXBuildFile; productRef = E3D70DDB2B98B6D3004435F4 /* FirebaseAuth */; };
		E3D70DDE2B98B6D3004435F4 /* FirebaseCrashlytics in Frameworks */ = {isa = PBXBuildFile; productRef = E3D70DDD2B98B6D3004435F4 /* FirebaseCrashlytics */; };
		E3D70DE02B98B6D3004435F4 /* FirebaseDatabase in Frameworks */ = {isa = PBXBuildFile; productRef = E3D70DDF2B98B6D3004435F4 /* FirebaseDatabase */; };
		E3D70DE22B98B6D3004435F4 /* FirebaseDatabaseSwift in Frameworks */ = {isa = PBXBuildFile; productRef = E3D70DE12B98B6D3004435F4 /* FirebaseDatabaseSwift */; };
		E3D70DE42B98B6D3004435F4 /* FirebaseFirestore in Frameworks */ = {isa = PBXBuildFile; productRef = E3D70DE32B98B6D3004435F4 /* FirebaseFirestore */; };
		E3D70DE62B98B6D3004435F4 /* FirebaseFirestoreSwift in Frameworks */ = {isa = PBXBuildFile; productRef = E3D70DE52B98B6D3004435F4 /* FirebaseFirestoreSwift */; };
		E3D70DE82B98B6D3004435F4 /* FirebaseStorage in Frameworks */ = {isa = PBXBuildFile; productRef = E3D70DE72B98B6D3004435F4 /* FirebaseStorage */; };
		E3D901522B9B4E160050D935 /* GenericStartView.swift in Sources */ = {isa = PBXBuildFile; fileRef = E3D901512B9B4E160050D935 /* GenericStartView.swift */; };
		E3D901552B9B4E9F0050D935 /* SplineRuntime in Frameworks */ = {isa = PBXBuildFile; productRef = E3D901542B9B4E9F0050D935 /* SplineRuntime */; };
		E3D901572B9B5C8F0050D935 /* SignInOrUpSubView.swift in Sources */ = {isa = PBXBuildFile; fileRef = E3D901562B9B5C8F0050D935 /* SignInOrUpSubView.swift */; };
		E3D901592B9B5EB60050D935 /* SignInView.swift in Sources */ = {isa = PBXBuildFile; fileRef = E3D901582B9B5EB60050D935 /* SignInView.swift */; };
		E3EBE6492B875CD000C779DD /* .gitignore in Resources */ = {isa = PBXBuildFile; fileRef = E3EBE6482B875CD000C779DD /* .gitignore */; };
/* End PBXBuildFile section */

/* Begin PBXContainerItemProxy section */
		D7C243F92B6A41ED005DD0FB /* PBXContainerItemProxy */ = {
			isa = PBXContainerItemProxy;
			containerPortal = D7C243E02B6A41EC005DD0FB /* Project object */;
			proxyType = 1;
			remoteGlobalIDString = D7C243E72B6A41EC005DD0FB;
			remoteInfo = "Hear it All";
		};
		D7C244032B6A41ED005DD0FB /* PBXContainerItemProxy */ = {
			isa = PBXContainerItemProxy;
			containerPortal = D7C243E02B6A41EC005DD0FB /* Project object */;
			proxyType = 1;
			remoteGlobalIDString = D7C243E72B6A41EC005DD0FB;
			remoteInfo = "Hear it All";
		};
/* End PBXContainerItemProxy section */

/* Begin PBXFileReference section */
		D7C243E82B6A41EC005DD0FB /* Hear it All.app */ = {isa = PBXFileReference; explicitFileType = wrapper.application; includeInIndex = 0; path = "Hear it All.app"; sourceTree = BUILT_PRODUCTS_DIR; };
		D7C243EB2B6A41EC005DD0FB /* Hear_it_AllApp.swift */ = {isa = PBXFileReference; lastKnownFileType = sourcecode.swift; path = Hear_it_AllApp.swift; sourceTree = "<group>"; };
		D7C243ED2B6A41EC005DD0FB /* StartView.swift */ = {isa = PBXFileReference; lastKnownFileType = sourcecode.swift; path = StartView.swift; sourceTree = "<group>"; };
		D7C243EF2B6A41ED005DD0FB /* Assets.xcassets */ = {isa = PBXFileReference; lastKnownFileType = folder.assetcatalog; path = Assets.xcassets; sourceTree = "<group>"; };
		D7C243F22B6A41ED005DD0FB /* Preview Assets.xcassets */ = {isa = PBXFileReference; lastKnownFileType = folder.assetcatalog; path = "Preview Assets.xcassets"; sourceTree = "<group>"; };
		D7C243F82B6A41ED005DD0FB /* Hear it AllTests.xctest */ = {isa = PBXFileReference; explicitFileType = wrapper.cfbundle; includeInIndex = 0; path = "Hear it AllTests.xctest"; sourceTree = BUILT_PRODUCTS_DIR; };
		D7C243FC2B6A41ED005DD0FB /* Hear_it_AllTests.swift */ = {isa = PBXFileReference; lastKnownFileType = sourcecode.swift; path = Hear_it_AllTests.swift; sourceTree = "<group>"; };
		D7C244022B6A41ED005DD0FB /* Hear it AllUITests.xctest */ = {isa = PBXFileReference; explicitFileType = wrapper.cfbundle; includeInIndex = 0; path = "Hear it AllUITests.xctest"; sourceTree = BUILT_PRODUCTS_DIR; };
		D7C244062B6A41ED005DD0FB /* Hear_it_AllUITests.swift */ = {isa = PBXFileReference; lastKnownFileType = sourcecode.swift; path = Hear_it_AllUITests.swift; sourceTree = "<group>"; };
		D7C244082B6A41ED005DD0FB /* Hear_it_AllUITestsLaunchTests.swift */ = {isa = PBXFileReference; lastKnownFileType = sourcecode.swift; path = Hear_it_AllUITestsLaunchTests.swift; sourceTree = "<group>"; };
		E300BDE02B9DFA6900AA57C5 /* SignUpView.swift */ = {isa = PBXFileReference; lastKnownFileType = sourcecode.swift; path = SignUpView.swift; sourceTree = "<group>"; };
		E300BDE22B9DFCA600AA57C5 /* SignViewModel.swift */ = {isa = PBXFileReference; lastKnownFileType = sourcecode.swift; path = SignViewModel.swift; sourceTree = "<group>"; };
		E300BDE52B9E027C00AA57C5 /* DatabaseService.swift */ = {isa = PBXFileReference; lastKnownFileType = sourcecode.swift; path = DatabaseService.swift; sourceTree = "<group>"; };
		E300BDE72B9E030800AA57C5 /* ProfileModel.swift */ = {isa = PBXFileReference; lastKnownFileType = sourcecode.swift; path = ProfileModel.swift; sourceTree = "<group>"; };
		E300BDEF2B9E2EA000AA57C5 /* UserAuthListener.swift */ = {isa = PBXFileReference; lastKnownFileType = sourcecode.swift; path = UserAuthListener.swift; sourceTree = "<group>"; };
		E30572682B8CD05800AF956D /* LanguageModel.swift */ = {isa = PBXFileReference; lastKnownFileType = sourcecode.swift; path = LanguageModel.swift; sourceTree = "<group>"; };
		E305726B2B8CD72600AF956D /* ChooseLanguageView.swift */ = {isa = PBXFileReference; lastKnownFileType = sourcecode.swift; path = ChooseLanguageView.swift; sourceTree = "<group>"; };
		E305726D2B8CEC5100AF956D /* SaveToStorage.swift */ = {isa = PBXFileReference; lastKnownFileType = sourcecode.swift; path = SaveToStorage.swift; sourceTree = "<group>"; };
		E305726F2B8CF9C400AF956D /* LanguageHelper.swift */ = {isa = PBXFileReference; lastKnownFileType = sourcecode.swift; path = LanguageHelper.swift; sourceTree = "<group>"; };
		E30F9ADD2B90CED4007CAC23 /* SoundRecognizerViewModel.swift */ = {isa = PBXFileReference; lastKnownFileType = sourcecode.swift; path = SoundRecognizerViewModel.swift; sourceTree = "<group>"; };
		E30F9ADF2B90E72C007CAC23 /* SoundSelectionView.swift */ = {isa = PBXFileReference; lastKnownFileType = sourcecode.swift; path = SoundSelectionView.swift; sourceTree = "<group>"; };
		E33A54912BA4A6DC001DF339 /* CreatePostView.swift */ = {isa = PBXFileReference; lastKnownFileType = sourcecode.swift; path = CreatePostView.swift; sourceTree = "<group>"; };
		E33A54932BA4A84B001DF339 /* OpenPostView.swift */ = {isa = PBXFileReference; lastKnownFileType = sourcecode.swift; path = OpenPostView.swift; sourceTree = "<group>"; };
		E33F47EA2B9F1D4700AA142C /* ForgotPasswordView.swift */ = {isa = PBXFileReference; lastKnownFileType = sourcecode.swift; path = ForgotPasswordView.swift; sourceTree = "<group>"; };
		E33F47ED2B9F2AEA00AA142C /* SoundSettingsView.swift */ = {isa = PBXFileReference; lastKnownFileType = sourcecode.swift; path = SoundSettingsView.swift; sourceTree = "<group>"; };
		E33F47EF2B9F2FB200AA142C /* SoundSettingsViewModel.swift */ = {isa = PBXFileReference; lastKnownFileType = sourcecode.swift; path = SoundSettingsViewModel.swift; sourceTree = "<group>"; };
		E33F47F82B9F35A700AA142C /* CustomTabBar.swift */ = {isa = PBXFileReference; lastKnownFileType = sourcecode.swift; path = CustomTabBar.swift; sourceTree = "<group>"; };
		E33F47FA2B9F366B00AA142C /* CommunityPostsView.swift */ = {isa = PBXFileReference; lastKnownFileType = sourcecode.swift; path = CommunityPostsView.swift; sourceTree = "<group>"; };
		E354DAE42B9F44D7005AFD29 /* ProfileSettingsView.swift */ = {isa = PBXFileReference; lastKnownFileType = sourcecode.swift; path = ProfileSettingsView.swift; sourceTree = "<group>"; };
		E354DAE62B9F4B47005AFD29 /* ProfileSettingsViewmodel.swift */ = {isa = PBXFileReference; lastKnownFileType = sourcecode.swift; path = ProfileSettingsViewmodel.swift; sourceTree = "<group>"; };
		E37DD2AD2BA0B88F00F445DD /* NotificationInAppListener.swift */ = {isa = PBXFileReference; lastKnownFileType = sourcecode.swift; path = NotificationInAppListener.swift; sourceTree = "<group>"; };
		E37DD2AF2BA1EDDF00F445DD /* PostModel.swift */ = {isa = PBXFileReference; lastKnownFileType = sourcecode.swift; path = PostModel.swift; sourceTree = "<group>"; };
		E37DD2B12BA215E500F445DD /* CreatePostViewModel.swift */ = {isa = PBXFileReference; lastKnownFileType = sourcecode.swift; path = CreatePostViewModel.swift; sourceTree = "<group>"; };
		E37DD2B52BA24A1400F445DD /* SeePostsViewModel.swift */ = {isa = PBXFileReference; lastKnownFileType = sourcecode.swift; path = SeePostsViewModel.swift; sourceTree = "<group>"; };
		E395D7392BA3400A00FE1E5B /* DateUtil.swift */ = {isa = PBXFileReference; lastKnownFileType = sourcecode.swift; path = DateUtil.swift; sourceTree = "<group>"; };
		E395D73B2BA3A13500FE1E5B /* KeyboardUtil.swift */ = {isa = PBXFileReference; lastKnownFileType = sourcecode.swift; path = KeyboardUtil.swift; sourceTree = "<group>"; };
		E398550C2BA61A780015CFDE /* CommentModel.swift */ = {isa = PBXFileReference; lastKnownFileType = sourcecode.swift; path = CommentModel.swift; sourceTree = "<group>"; };
		E398550E2BA61B260015CFDE /* CommentView.swift */ = {isa = PBXFileReference; lastKnownFileType = sourcecode.swift; path = CommentView.swift; sourceTree = "<group>"; };
		E3A7F5A12B8BF2ED0006AF4D /* ColorsExtensions.swift */ = {isa = PBXFileReference; lastKnownFileType = sourcecode.swift; path = ColorsExtensions.swift; sourceTree = "<group>"; };
		E3A7F5A32B8C02DE0006AF4D /* SentenceUtils.swift */ = {isa = PBXFileReference; lastKnownFileType = sourcecode.swift; path = SentenceUtils.swift; sourceTree = "<group>"; };
		E3D703E92B8A46B9000813B9 /* Hear-it-AllUITests-Info.plist */ = {isa = PBXFileReference; lastKnownFileType = text.plist; path = "Hear-it-AllUITests-Info.plist"; sourceTree = SOURCE_ROOT; };
		E3D703EA2B8A46F9000813B9 /* Hear-it-All-Info.plist */ = {isa = PBXFileReference; lastKnownFileType = text.plist; path = "Hear-it-All-Info.plist"; sourceTree = SOURCE_ROOT; };
		E3D703EC2B8A4981000813B9 /* SpeechAndSoundToTextView.swift */ = {isa = PBXFileReference; lastKnownFileType = sourcecode.swift; path = SpeechAndSoundToTextView.swift; sourceTree = "<group>"; };
		E3D703EE2B8A4FED000813B9 /* SpeechRecognizerViewModel.swift */ = {isa = PBXFileReference; lastKnownFileType = sourcecode.swift; path = SpeechRecognizerViewModel.swift; sourceTree = "<group>"; };
		E3D70DD82B98B62C004435F4 /* GoogleService-Info.plist */ = {isa = PBXFileReference; fileEncoding = 4; lastKnownFileType = text.plist.xml; path = "GoogleService-Info.plist"; sourceTree = "<group>"; };
		E3D901512B9B4E160050D935 /* GenericStartView.swift */ = {isa = PBXFileReference; lastKnownFileType = sourcecode.swift; path = GenericStartView.swift; sourceTree = "<group>"; };
		E3D901562B9B5C8F0050D935 /* SignInOrUpSubView.swift */ = {isa = PBXFileReference; lastKnownFileType = sourcecode.swift; path = SignInOrUpSubView.swift; sourceTree = "<group>"; };
		E3D901582B9B5EB60050D935 /* SignInView.swift */ = {isa = PBXFileReference; lastKnownFileType = sourcecode.swift; path = SignInView.swift; sourceTree = "<group>"; };
		E3EBE6482B875CD000C779DD /* .gitignore */ = {isa = PBXFileReference; lastKnownFileType = text; name = .gitignore; path = "Hear it All/.gitignore"; sourceTree = "<group>"; };
/* End PBXFileReference section */

/* Begin PBXFrameworksBuildPhase section */
		D7C243E52B6A41EC005DD0FB /* Frameworks */ = {
			isa = PBXFrameworksBuildPhase;
			buildActionMask = 2147483647;
			files = (
				E3D70DE22B98B6D3004435F4 /* FirebaseDatabaseSwift in Frameworks */,
				E300BDF32B9E30FF00AA57C5 /* AlertToast in Frameworks */,
				E3D70DE02B98B6D3004435F4 /* FirebaseDatabase in Frameworks */,
				E300BDEE2B9E1ED400AA57C5 /* PopupView in Frameworks */,
				E3D70DDC2B98B6D3004435F4 /* FirebaseAuth in Frameworks */,
				E300BDEB2B9E15AF00AA57C5 /* Toast in Frameworks */,
				E3D70DE42B98B6D3004435F4 /* FirebaseFirestore in Frameworks */,
				E3D901552B9B4E9F0050D935 /* SplineRuntime in Frameworks */,
				E3D70DE82B98B6D3004435F4 /* FirebaseStorage in Frameworks */,
				E3D70DDE2B98B6D3004435F4 /* FirebaseCrashlytics in Frameworks */,
				E3D70DE62B98B6D3004435F4 /* FirebaseFirestoreSwift in Frameworks */,
			);
			runOnlyForDeploymentPostprocessing = 0;
		};
		D7C243F52B6A41ED005DD0FB /* Frameworks */ = {
			isa = PBXFrameworksBuildPhase;
			buildActionMask = 2147483647;
			files = (
			);
			runOnlyForDeploymentPostprocessing = 0;
		};
		D7C243FF2B6A41ED005DD0FB /* Frameworks */ = {
			isa = PBXFrameworksBuildPhase;
			buildActionMask = 2147483647;
			files = (
			);
			runOnlyForDeploymentPostprocessing = 0;
		};
/* End PBXFrameworksBuildPhase section */

/* Begin PBXGroup section */
		D7C243DF2B6A41EC005DD0FB = {
			isa = PBXGroup;
			children = (
				E3EBE6482B875CD000C779DD /* .gitignore */,
				D7C243EA2B6A41EC005DD0FB /* Hear it All */,
				D7C243FB2B6A41ED005DD0FB /* Hear it AllTests */,
				D7C244052B6A41ED005DD0FB /* Hear it AllUITests */,
				D7C243E92B6A41EC005DD0FB /* Products */,
			);
			sourceTree = "<group>";
		};
		D7C243E92B6A41EC005DD0FB /* Products */ = {
			isa = PBXGroup;
			children = (
				D7C243E82B6A41EC005DD0FB /* Hear it All.app */,
				D7C243F82B6A41ED005DD0FB /* Hear it AllTests.xctest */,
				D7C244022B6A41ED005DD0FB /* Hear it AllUITests.xctest */,
			);
			name = Products;
			sourceTree = "<group>";
		};
		D7C243EA2B6A41EC005DD0FB /* Hear it All */ = {
			isa = PBXGroup;
			children = (
				E3D70DD82B98B62C004435F4 /* GoogleService-Info.plist */,
				E3D703EA2B8A46F9000813B9 /* Hear-it-All-Info.plist */,
				E3FF4D342B8A2FC600A132EB /* App */,
				E3FF4D352B8A302D00A132EB /* Services */,
				E3FF4D362B8A303E00A132EB /* Utilities */,
				E3D703EB2B8A4931000813B9 /* MVVM */,
				D7C243F12B6A41ED005DD0FB /* Preview Content */,
			);
			path = "Hear it All";
			sourceTree = "<group>";
		};
		D7C243F12B6A41ED005DD0FB /* Preview Content */ = {
			isa = PBXGroup;
			children = (
				D7C243F22B6A41ED005DD0FB /* Preview Assets.xcassets */,
			);
			path = "Preview Content";
			sourceTree = "<group>";
		};
		D7C243FB2B6A41ED005DD0FB /* Hear it AllTests */ = {
			isa = PBXGroup;
			children = (
				D7C243FC2B6A41ED005DD0FB /* Hear_it_AllTests.swift */,
			);
			path = "Hear it AllTests";
			sourceTree = "<group>";
		};
		D7C244052B6A41ED005DD0FB /* Hear it AllUITests */ = {
			isa = PBXGroup;
			children = (
				E3D703E92B8A46B9000813B9 /* Hear-it-AllUITests-Info.plist */,
				D7C244062B6A41ED005DD0FB /* Hear_it_AllUITests.swift */,
				D7C244082B6A41ED005DD0FB /* Hear_it_AllUITestsLaunchTests.swift */,
			);
			path = "Hear it AllUITests";
			sourceTree = "<group>";
		};
		E33F47EC2B9F2A6800AA142C /* ProfileSettings */ = {
			isa = PBXGroup;
			children = (
				E33F47F72B9F34FB00AA142C /* Model */,
				E33F47F62B9F34F600AA142C /* View */,
				E33F47F52B9F34E800AA142C /* Viewmodel */,
			);
			path = ProfileSettings;
			sourceTree = "<group>";
		};
		E33F47F12B9F34B500AA142C /* TabBar */ = {
			isa = PBXGroup;
			children = (
				E33F47F42B9F34DE00AA142C /* Model */,
				E33F47F32B9F34D800AA142C /* View */,
				E33F47F22B9F34D000AA142C /* Viewmodel */,
			);
			path = TabBar;
			sourceTree = "<group>";
		};
		E33F47F22B9F34D000AA142C /* Viewmodel */ = {
			isa = PBXGroup;
			children = (
			);
			path = Viewmodel;
			sourceTree = "<group>";
		};
		E33F47F32B9F34D800AA142C /* View */ = {
			isa = PBXGroup;
			children = (
				E33F47F82B9F35A700AA142C /* CustomTabBar.swift */,
			);
			path = View;
			sourceTree = "<group>";
		};
		E33F47F42B9F34DE00AA142C /* Model */ = {
			isa = PBXGroup;
			children = (
			);
			path = Model;
			sourceTree = "<group>";
		};
		E33F47F52B9F34E800AA142C /* Viewmodel */ = {
			isa = PBXGroup;
			children = (
				E354DAE62B9F4B47005AFD29 /* ProfileSettingsViewmodel.swift */,
			);
			path = Viewmodel;
			sourceTree = "<group>";
		};
		E33F47F62B9F34F600AA142C /* View */ = {
			isa = PBXGroup;
			children = (
				E354DAE42B9F44D7005AFD29 /* ProfileSettingsView.swift */,
			);
			path = View;
			sourceTree = "<group>";
		};
		E33F47F72B9F34FB00AA142C /* Model */ = {
			isa = PBXGroup;
			children = (
			);
			path = Model;
			sourceTree = "<group>";
		};
		E3D703EB2B8A4931000813B9 /* MVVM */ = {
			isa = PBXGroup;
			children = (
				E3FF4D262B8A2E2200A132EB /* Onboarding+login sign up */,
				E33F47F12B9F34B500AA142C /* TabBar */,
				E3FF4D242B8A2E0200A132EB /* Sound */,
				E3FF4D252B8A2E1900A132EB /* CommunityPosts */,
				E3FF4D272B8A2E5100A132EB /* SoundSettings */,
				E33F47EC2B9F2A6800AA142C /* ProfileSettings */,
			);
			path = MVVM;
			sourceTree = "<group>";
		};
		E3FF4D242B8A2E0200A132EB /* Sound */ = {
			isa = PBXGroup;
			children = (
				E3FF4D2D2B8A2F7100A132EB /* Model */,
				E3FF4D2C2B8A2F6700A132EB /* View */,
				E3FF4D2B2B8A2F4B00A132EB /* Viewmodel */,
			);
			path = Sound;
			sourceTree = "<group>";
		};
		E3FF4D252B8A2E1900A132EB /* CommunityPosts */ = {
			isa = PBXGroup;
			children = (
				E3FF4D302B8A2F9600A132EB /* Model */,
				E3FF4D2F2B8A2F8F00A132EB /* View */,
				E3FF4D2E2B8A2F8200A132EB /* Viewmodel */,
			);
			path = CommunityPosts;
			sourceTree = "<group>";
		};
		E3FF4D262B8A2E2200A132EB /* Onboarding+login sign up */ = {
			isa = PBXGroup;
			children = (
				E3FF4D282B8A2F2000A132EB /* Model */,
				E3FF4D292B8A2F2800A132EB /* View */,
				E3FF4D2A2B8A2F3800A132EB /* Viewmodel */,
			);
			path = "Onboarding+login sign up";
			sourceTree = "<group>";
		};
		E3FF4D272B8A2E5100A132EB /* SoundSettings */ = {
			isa = PBXGroup;
			children = (
				E3FF4D332B8A2FBB00A132EB /* Model */,
				E3FF4D322B8A2FA900A132EB /* View */,
				E3FF4D312B8A2FA000A132EB /* Viewmodel */,
			);
			path = SoundSettings;
			sourceTree = "<group>";
		};
		E3FF4D282B8A2F2000A132EB /* Model */ = {
			isa = PBXGroup;
			children = (
				E300BDE72B9E030800AA57C5 /* ProfileModel.swift */,
			);
			path = Model;
			sourceTree = "<group>";
		};
		E3FF4D292B8A2F2800A132EB /* View */ = {
			isa = PBXGroup;
			children = (
				E3D901512B9B4E160050D935 /* GenericStartView.swift */,
				E3D901562B9B5C8F0050D935 /* SignInOrUpSubView.swift */,
				E3D901582B9B5EB60050D935 /* SignInView.swift */,
				E300BDE02B9DFA6900AA57C5 /* SignUpView.swift */,
				E33F47EA2B9F1D4700AA142C /* ForgotPasswordView.swift */,
			);
			path = View;
			sourceTree = "<group>";
		};
		E3FF4D2A2B8A2F3800A132EB /* Viewmodel */ = {
			isa = PBXGroup;
			children = (
				E300BDE22B9DFCA600AA57C5 /* SignViewModel.swift */,
			);
			path = Viewmodel;
			sourceTree = "<group>";
		};
		E3FF4D2B2B8A2F4B00A132EB /* Viewmodel */ = {
			isa = PBXGroup;
			children = (
				E3D703EE2B8A4FED000813B9 /* SpeechRecognizerViewModel.swift */,
				E30F9ADD2B90CED4007CAC23 /* SoundRecognizerViewModel.swift */,
			);
			path = Viewmodel;
			sourceTree = "<group>";
		};
		E3FF4D2C2B8A2F6700A132EB /* View */ = {
			isa = PBXGroup;
			children = (
				E3D703EC2B8A4981000813B9 /* SpeechAndSoundToTextView.swift */,
				E305726B2B8CD72600AF956D /* ChooseLanguageView.swift */,
				E30F9ADF2B90E72C007CAC23 /* SoundSelectionView.swift */,
			);
			path = View;
			sourceTree = "<group>";
		};
		E3FF4D2D2B8A2F7100A132EB /* Model */ = {
			isa = PBXGroup;
			children = (
				E30572682B8CD05800AF956D /* LanguageModel.swift */,
			);
			path = Model;
			sourceTree = "<group>";
		};
		E3FF4D2E2B8A2F8200A132EB /* Viewmodel */ = {
			isa = PBXGroup;
			children = (
				E37DD2B12BA215E500F445DD /* CreatePostViewModel.swift */,
				E37DD2B52BA24A1400F445DD /* SeePostsViewModel.swift */,
			);
			path = Viewmodel;
			sourceTree = "<group>";
		};
		E3FF4D2F2B8A2F8F00A132EB /* View */ = {
			isa = PBXGroup;
			children = (
				E33F47FA2B9F366B00AA142C /* CommunityPostsView.swift */,
				E33A54912BA4A6DC001DF339 /* CreatePostView.swift */,
				E33A54932BA4A84B001DF339 /* OpenPostView.swift */,
				E398550E2BA61B260015CFDE /* CommentView.swift */,
			);
			path = View;
			sourceTree = "<group>";
		};
		E3FF4D302B8A2F9600A132EB /* Model */ = {
			isa = PBXGroup;
			children = (
				E37DD2AF2BA1EDDF00F445DD /* PostModel.swift */,
				E398550C2BA61A780015CFDE /* CommentModel.swift */,
			);
			path = Model;
			sourceTree = "<group>";
		};
		E3FF4D312B8A2FA000A132EB /* Viewmodel */ = {
			isa = PBXGroup;
			children = (
				E33F47EF2B9F2FB200AA142C /* SoundSettingsViewModel.swift */,
			);
			path = Viewmodel;
			sourceTree = "<group>";
		};
		E3FF4D322B8A2FA900A132EB /* View */ = {
			isa = PBXGroup;
			children = (
				E33F47ED2B9F2AEA00AA142C /* SoundSettingsView.swift */,
			);
			path = View;
			sourceTree = "<group>";
		};
		E3FF4D332B8A2FBB00A132EB /* Model */ = {
			isa = PBXGroup;
			children = (
			);
			path = Model;
			sourceTree = "<group>";
		};
		E3FF4D342B8A2FC600A132EB /* App */ = {
			isa = PBXGroup;
			children = (
				D7C243EB2B6A41EC005DD0FB /* Hear_it_AllApp.swift */,
				D7C243ED2B6A41EC005DD0FB /* StartView.swift */,
				D7C243EF2B6A41ED005DD0FB /* Assets.xcassets */,
			);
			path = App;
			sourceTree = "<group>";
		};
		E3FF4D352B8A302D00A132EB /* Services */ = {
			isa = PBXGroup;
			children = (
				E305726D2B8CEC5100AF956D /* SaveToStorage.swift */,
				E300BDE52B9E027C00AA57C5 /* DatabaseService.swift */,
				E300BDEF2B9E2EA000AA57C5 /* UserAuthListener.swift */,
				E37DD2AD2BA0B88F00F445DD /* NotificationInAppListener.swift */,
			);
			path = Services;
			sourceTree = "<group>";
		};
		E3FF4D362B8A303E00A132EB /* Utilities */ = {
			isa = PBXGroup;
			children = (
				E3A7F5A12B8BF2ED0006AF4D /* ColorsExtensions.swift */,
				E3A7F5A32B8C02DE0006AF4D /* SentenceUtils.swift */,
				E305726F2B8CF9C400AF956D /* LanguageHelper.swift */,
				E395D7392BA3400A00FE1E5B /* DateUtil.swift */,
				E395D73B2BA3A13500FE1E5B /* KeyboardUtil.swift */,
			);
			path = Utilities;
			sourceTree = "<group>";
		};
/* End PBXGroup section */

/* Begin PBXNativeTarget section */
		D7C243E72B6A41EC005DD0FB /* Hear it All */ = {
			isa = PBXNativeTarget;
			buildConfigurationList = D7C2440C2B6A41ED005DD0FB /* Build configuration list for PBXNativeTarget "Hear it All" */;
			buildPhases = (
				D7C243E42B6A41EC005DD0FB /* Sources */,
				D7C243E52B6A41EC005DD0FB /* Frameworks */,
				D7C243E62B6A41EC005DD0FB /* Resources */,
			);
			buildRules = (
			);
			dependencies = (
			);
			name = "Hear it All";
			packageProductDependencies = (
				E3D70DDB2B98B6D3004435F4 /* FirebaseAuth */,
				E3D70DDD2B98B6D3004435F4 /* FirebaseCrashlytics */,
				E3D70DDF2B98B6D3004435F4 /* FirebaseDatabase */,
				E3D70DE12B98B6D3004435F4 /* FirebaseDatabaseSwift */,
				E3D70DE32B98B6D3004435F4 /* FirebaseFirestore */,
				E3D70DE52B98B6D3004435F4 /* FirebaseFirestoreSwift */,
				E3D70DE72B98B6D3004435F4 /* FirebaseStorage */,
				E3D901542B9B4E9F0050D935 /* SplineRuntime */,
				E300BDEA2B9E15AF00AA57C5 /* Toast */,
				E300BDED2B9E1ED400AA57C5 /* PopupView */,
				E300BDF22B9E30FF00AA57C5 /* AlertToast */,
			);
			productName = "Hear it All";
			productReference = D7C243E82B6A41EC005DD0FB /* Hear it All.app */;
			productType = "com.apple.product-type.application";
		};
		D7C243F72B6A41ED005DD0FB /* Hear it AllTests */ = {
			isa = PBXNativeTarget;
			buildConfigurationList = D7C2440F2B6A41ED005DD0FB /* Build configuration list for PBXNativeTarget "Hear it AllTests" */;
			buildPhases = (
				D7C243F42B6A41ED005DD0FB /* Sources */,
				D7C243F52B6A41ED005DD0FB /* Frameworks */,
				D7C243F62B6A41ED005DD0FB /* Resources */,
			);
			buildRules = (
			);
			dependencies = (
				D7C243FA2B6A41ED005DD0FB /* PBXTargetDependency */,
			);
			name = "Hear it AllTests";
			productName = "Hear it AllTests";
			productReference = D7C243F82B6A41ED005DD0FB /* Hear it AllTests.xctest */;
			productType = "com.apple.product-type.bundle.unit-test";
		};
		D7C244012B6A41ED005DD0FB /* Hear it AllUITests */ = {
			isa = PBXNativeTarget;
			buildConfigurationList = D7C244122B6A41ED005DD0FB /* Build configuration list for PBXNativeTarget "Hear it AllUITests" */;
			buildPhases = (
				D7C243FE2B6A41ED005DD0FB /* Sources */,
				D7C243FF2B6A41ED005DD0FB /* Frameworks */,
				D7C244002B6A41ED005DD0FB /* Resources */,
			);
			buildRules = (
			);
			dependencies = (
				D7C244042B6A41ED005DD0FB /* PBXTargetDependency */,
			);
			name = "Hear it AllUITests";
			productName = "Hear it AllUITests";
			productReference = D7C244022B6A41ED005DD0FB /* Hear it AllUITests.xctest */;
			productType = "com.apple.product-type.bundle.ui-testing";
		};
/* End PBXNativeTarget section */

/* Begin PBXProject section */
		D7C243E02B6A41EC005DD0FB /* Project object */ = {
			isa = PBXProject;
			attributes = {
				BuildIndependentTargetsInParallel = 1;
				LastSwiftUpdateCheck = 1520;
				LastUpgradeCheck = 1520;
				TargetAttributes = {
					D7C243E72B6A41EC005DD0FB = {
						CreatedOnToolsVersion = 15.2;
					};
					D7C243F72B6A41ED005DD0FB = {
						CreatedOnToolsVersion = 15.2;
						TestTargetID = D7C243E72B6A41EC005DD0FB;
					};
					D7C244012B6A41ED005DD0FB = {
						CreatedOnToolsVersion = 15.2;
						TestTargetID = D7C243E72B6A41EC005DD0FB;
					};
				};
			};
			buildConfigurationList = D7C243E32B6A41EC005DD0FB /* Build configuration list for PBXProject "Hear it All" */;
			compatibilityVersion = "Xcode 14.0";
			developmentRegion = en;
			hasScannedForEncodings = 0;
			knownRegions = (
				en,
				Base,
			);
			mainGroup = D7C243DF2B6A41EC005DD0FB;
			packageReferences = (
				E3D70DDA2B98B6D3004435F4 /* XCRemoteSwiftPackageReference "firebase-ios-sdk" */,
				E3D901532B9B4E9F0050D935 /* XCRemoteSwiftPackageReference "spline-ios" */,
				E300BDE92B9E15AF00AA57C5 /* XCRemoteSwiftPackageReference "toast-swift" */,
				E300BDEC2B9E1ED400AA57C5 /* XCRemoteSwiftPackageReference "PopupView" */,
				E300BDF12B9E30FF00AA57C5 /* XCRemoteSwiftPackageReference "AlertToast" */,
			);
			productRefGroup = D7C243E92B6A41EC005DD0FB /* Products */;
			projectDirPath = "";
			projectRoot = "";
			targets = (
				D7C243E72B6A41EC005DD0FB /* Hear it All */,
				D7C243F72B6A41ED005DD0FB /* Hear it AllTests */,
				D7C244012B6A41ED005DD0FB /* Hear it AllUITests */,
			);
		};
/* End PBXProject section */

/* Begin PBXResourcesBuildPhase section */
		D7C243E62B6A41EC005DD0FB /* Resources */ = {
			isa = PBXResourcesBuildPhase;
			buildActionMask = 2147483647;
			files = (
				D7C243F32B6A41ED005DD0FB /* Preview Assets.xcassets in Resources */,
				E3D70DD92B98B62D004435F4 /* GoogleService-Info.plist in Resources */,
				E3EBE6492B875CD000C779DD /* .gitignore in Resources */,
				D7C243F02B6A41ED005DD0FB /* Assets.xcassets in Resources */,
			);
			runOnlyForDeploymentPostprocessing = 0;
		};
		D7C243F62B6A41ED005DD0FB /* Resources */ = {
			isa = PBXResourcesBuildPhase;
			buildActionMask = 2147483647;
			files = (
			);
			runOnlyForDeploymentPostprocessing = 0;
		};
		D7C244002B6A41ED005DD0FB /* Resources */ = {
			isa = PBXResourcesBuildPhase;
			buildActionMask = 2147483647;
			files = (
			);
			runOnlyForDeploymentPostprocessing = 0;
		};
/* End PBXResourcesBuildPhase section */

/* Begin PBXSourcesBuildPhase section */
		D7C243E42B6A41EC005DD0FB /* Sources */ = {
			isa = PBXSourcesBuildPhase;
			buildActionMask = 2147483647;
			files = (
				E37DD2B22BA215E500F445DD /* CreatePostViewModel.swift in Sources */,
				E300BDE62B9E027C00AA57C5 /* DatabaseService.swift in Sources */,
				E33F47EB2B9F1D4700AA142C /* ForgotPasswordView.swift in Sources */,
				E354DAE72B9F4B47005AFD29 /* ProfileSettingsViewmodel.swift in Sources */,
				E398550F2BA61B260015CFDE /* CommentView.swift in Sources */,
				E30572692B8CD05800AF956D /* LanguageModel.swift in Sources */,
				D7C243EE2B6A41EC005DD0FB /* StartView.swift in Sources */,
				E395D73C2BA3A13500FE1E5B /* KeyboardUtil.swift in Sources */,
				E33F47F92B9F35A700AA142C /* CustomTabBar.swift in Sources */,
				D7C243EC2B6A41EC005DD0FB /* Hear_it_AllApp.swift in Sources */,
				E300BDE82B9E030800AA57C5 /* ProfileModel.swift in Sources */,
				E3D901572B9B5C8F0050D935 /* SignInOrUpSubView.swift in Sources */,
				E3A7F5A22B8BF2ED0006AF4D /* ColorsExtensions.swift in Sources */,
				E354DAE52B9F44D7005AFD29 /* ProfileSettingsView.swift in Sources */,
				E33A54942BA4A84B001DF339 /* OpenPostView.swift in Sources */,
				E395D73A2BA3400A00FE1E5B /* DateUtil.swift in Sources */,
				E33A54922BA4A6DC001DF339 /* CreatePostView.swift in Sources */,
				E37DD2AE2BA0B88F00F445DD /* NotificationInAppListener.swift in Sources */,
				E3A7F5A42B8C02DE0006AF4D /* SentenceUtils.swift in Sources */,
				E300BDF02B9E2EA000AA57C5 /* UserAuthListener.swift in Sources */,
				E30572702B8CF9C400AF956D /* LanguageHelper.swift in Sources */,
				E305726C2B8CD72600AF956D /* ChooseLanguageView.swift in Sources */,
				E305726E2B8CEC5100AF956D /* SaveToStorage.swift in Sources */,
				E33F47FB2B9F366B00AA142C /* CommunityPostsView.swift in Sources */,
				E37DD2B62BA24A1400F445DD /* SeePostsViewModel.swift in Sources */,
				E30F9AE02B90E72C007CAC23 /* SoundSelectionView.swift in Sources */,
				E398550D2BA61A780015CFDE /* CommentModel.swift in Sources */,
				E3D703EF2B8A4FED000813B9 /* SpeechRecognizerViewModel.swift in Sources */,
				E33F47F02B9F2FB200AA142C /* SoundSettingsViewModel.swift in Sources */,
				E33F47EE2B9F2AEA00AA142C /* SoundSettingsView.swift in Sources */,
				E37DD2B02BA1EDDF00F445DD /* PostModel.swift in Sources */,
				E300BDE12B9DFA6900AA57C5 /* SignUpView.swift in Sources */,
				E30F9ADE2B90CED4007CAC23 /* SoundRecognizerViewModel.swift in Sources */,
				E300BDE32B9DFCA600AA57C5 /* SignViewModel.swift in Sources */,
				E3D703ED2B8A4981000813B9 /* SpeechAndSoundToTextView.swift in Sources */,
				E3D901592B9B5EB60050D935 /* SignInView.swift in Sources */,
				E3D901522B9B4E160050D935 /* GenericStartView.swift in Sources */,
			);
			runOnlyForDeploymentPostprocessing = 0;
		};
		D7C243F42B6A41ED005DD0FB /* Sources */ = {
			isa = PBXSourcesBuildPhase;
			buildActionMask = 2147483647;
			files = (
				D7C243FD2B6A41ED005DD0FB /* Hear_it_AllTests.swift in Sources */,
			);
			runOnlyForDeploymentPostprocessing = 0;
		};
		D7C243FE2B6A41ED005DD0FB /* Sources */ = {
			isa = PBXSourcesBuildPhase;
			buildActionMask = 2147483647;
			files = (
				D7C244072B6A41ED005DD0FB /* Hear_it_AllUITests.swift in Sources */,
				D7C244092B6A41ED005DD0FB /* Hear_it_AllUITestsLaunchTests.swift in Sources */,
			);
			runOnlyForDeploymentPostprocessing = 0;
		};
/* End PBXSourcesBuildPhase section */

/* Begin PBXTargetDependency section */
		D7C243FA2B6A41ED005DD0FB /* PBXTargetDependency */ = {
			isa = PBXTargetDependency;
			target = D7C243E72B6A41EC005DD0FB /* Hear it All */;
			targetProxy = D7C243F92B6A41ED005DD0FB /* PBXContainerItemProxy */;
		};
		D7C244042B6A41ED005DD0FB /* PBXTargetDependency */ = {
			isa = PBXTargetDependency;
			target = D7C243E72B6A41EC005DD0FB /* Hear it All */;
			targetProxy = D7C244032B6A41ED005DD0FB /* PBXContainerItemProxy */;
		};
/* End PBXTargetDependency section */

/* Begin XCBuildConfiguration section */
		D7C2440A2B6A41ED005DD0FB /* Debug */ = {
			isa = XCBuildConfiguration;
			buildSettings = {
				ALWAYS_SEARCH_USER_PATHS = NO;
				ASSETCATALOG_COMPILER_GENERATE_SWIFT_ASSET_SYMBOL_EXTENSIONS = YES;
				CLANG_ANALYZER_NONNULL = YES;
				CLANG_ANALYZER_NUMBER_OBJECT_CONVERSION = YES_AGGRESSIVE;
				CLANG_CXX_LANGUAGE_STANDARD = "gnu++20";
				CLANG_ENABLE_MODULES = YES;
				CLANG_ENABLE_OBJC_ARC = YES;
				CLANG_ENABLE_OBJC_WEAK = YES;
				CLANG_WARN_BLOCK_CAPTURE_AUTORELEASING = YES;
				CLANG_WARN_BOOL_CONVERSION = YES;
				CLANG_WARN_COMMA = YES;
				CLANG_WARN_CONSTANT_CONVERSION = YES;
				CLANG_WARN_DEPRECATED_OBJC_IMPLEMENTATIONS = YES;
				CLANG_WARN_DIRECT_OBJC_ISA_USAGE = YES_ERROR;
				CLANG_WARN_DOCUMENTATION_COMMENTS = YES;
				CLANG_WARN_EMPTY_BODY = YES;
				CLANG_WARN_ENUM_CONVERSION = YES;
				CLANG_WARN_INFINITE_RECURSION = YES;
				CLANG_WARN_INT_CONVERSION = YES;
				CLANG_WARN_NON_LITERAL_NULL_CONVERSION = YES;
				CLANG_WARN_OBJC_IMPLICIT_RETAIN_SELF = YES;
				CLANG_WARN_OBJC_LITERAL_CONVERSION = YES;
				CLANG_WARN_OBJC_ROOT_CLASS = YES_ERROR;
				CLANG_WARN_QUOTED_INCLUDE_IN_FRAMEWORK_HEADER = YES;
				CLANG_WARN_RANGE_LOOP_ANALYSIS = YES;
				CLANG_WARN_STRICT_PROTOTYPES = YES;
				CLANG_WARN_SUSPICIOUS_MOVE = YES;
				CLANG_WARN_UNGUARDED_AVAILABILITY = YES_AGGRESSIVE;
				CLANG_WARN_UNREACHABLE_CODE = YES;
				CLANG_WARN__DUPLICATE_METHOD_MATCH = YES;
				COPY_PHASE_STRIP = NO;
				DEBUG_INFORMATION_FORMAT = dwarf;
				ENABLE_STRICT_OBJC_MSGSEND = YES;
				ENABLE_TESTABILITY = YES;
				ENABLE_USER_SCRIPT_SANDBOXING = YES;
				GCC_C_LANGUAGE_STANDARD = gnu17;
				GCC_DYNAMIC_NO_PIC = NO;
				GCC_NO_COMMON_BLOCKS = YES;
				GCC_OPTIMIZATION_LEVEL = 0;
				GCC_PREPROCESSOR_DEFINITIONS = (
					"DEBUG=1",
					"$(inherited)",
				);
				GCC_WARN_64_TO_32_BIT_CONVERSION = YES;
				GCC_WARN_ABOUT_RETURN_TYPE = YES_ERROR;
				GCC_WARN_UNDECLARED_SELECTOR = YES;
				GCC_WARN_UNINITIALIZED_AUTOS = YES_AGGRESSIVE;
				GCC_WARN_UNUSED_FUNCTION = YES;
				GCC_WARN_UNUSED_VARIABLE = YES;
				IPHONEOS_DEPLOYMENT_TARGET = 17.2;
				LOCALIZATION_PREFERS_STRING_CATALOGS = YES;
				MTL_ENABLE_DEBUG_INFO = INCLUDE_SOURCE;
				MTL_FAST_MATH = YES;
				ONLY_ACTIVE_ARCH = YES;
				SDKROOT = iphoneos;
				SWIFT_ACTIVE_COMPILATION_CONDITIONS = "DEBUG $(inherited)";
				SWIFT_OPTIMIZATION_LEVEL = "-Onone";
			};
			name = Debug;
		};
		D7C2440B2B6A41ED005DD0FB /* Release */ = {
			isa = XCBuildConfiguration;
			buildSettings = {
				ALWAYS_SEARCH_USER_PATHS = NO;
				ASSETCATALOG_COMPILER_GENERATE_SWIFT_ASSET_SYMBOL_EXTENSIONS = YES;
				CLANG_ANALYZER_NONNULL = YES;
				CLANG_ANALYZER_NUMBER_OBJECT_CONVERSION = YES_AGGRESSIVE;
				CLANG_CXX_LANGUAGE_STANDARD = "gnu++20";
				CLANG_ENABLE_MODULES = YES;
				CLANG_ENABLE_OBJC_ARC = YES;
				CLANG_ENABLE_OBJC_WEAK = YES;
				CLANG_WARN_BLOCK_CAPTURE_AUTORELEASING = YES;
				CLANG_WARN_BOOL_CONVERSION = YES;
				CLANG_WARN_COMMA = YES;
				CLANG_WARN_CONSTANT_CONVERSION = YES;
				CLANG_WARN_DEPRECATED_OBJC_IMPLEMENTATIONS = YES;
				CLANG_WARN_DIRECT_OBJC_ISA_USAGE = YES_ERROR;
				CLANG_WARN_DOCUMENTATION_COMMENTS = YES;
				CLANG_WARN_EMPTY_BODY = YES;
				CLANG_WARN_ENUM_CONVERSION = YES;
				CLANG_WARN_INFINITE_RECURSION = YES;
				CLANG_WARN_INT_CONVERSION = YES;
				CLANG_WARN_NON_LITERAL_NULL_CONVERSION = YES;
				CLANG_WARN_OBJC_IMPLICIT_RETAIN_SELF = YES;
				CLANG_WARN_OBJC_LITERAL_CONVERSION = YES;
				CLANG_WARN_OBJC_ROOT_CLASS = YES_ERROR;
				CLANG_WARN_QUOTED_INCLUDE_IN_FRAMEWORK_HEADER = YES;
				CLANG_WARN_RANGE_LOOP_ANALYSIS = YES;
				CLANG_WARN_STRICT_PROTOTYPES = YES;
				CLANG_WARN_SUSPICIOUS_MOVE = YES;
				CLANG_WARN_UNGUARDED_AVAILABILITY = YES_AGGRESSIVE;
				CLANG_WARN_UNREACHABLE_CODE = YES;
				CLANG_WARN__DUPLICATE_METHOD_MATCH = YES;
				COPY_PHASE_STRIP = NO;
				DEBUG_INFORMATION_FORMAT = "dwarf-with-dsym";
				ENABLE_NS_ASSERTIONS = NO;
				ENABLE_STRICT_OBJC_MSGSEND = YES;
				ENABLE_USER_SCRIPT_SANDBOXING = YES;
				GCC_C_LANGUAGE_STANDARD = gnu17;
				GCC_NO_COMMON_BLOCKS = YES;
				GCC_WARN_64_TO_32_BIT_CONVERSION = YES;
				GCC_WARN_ABOUT_RETURN_TYPE = YES_ERROR;
				GCC_WARN_UNDECLARED_SELECTOR = YES;
				GCC_WARN_UNINITIALIZED_AUTOS = YES_AGGRESSIVE;
				GCC_WARN_UNUSED_FUNCTION = YES;
				GCC_WARN_UNUSED_VARIABLE = YES;
				IPHONEOS_DEPLOYMENT_TARGET = 17.2;
				LOCALIZATION_PREFERS_STRING_CATALOGS = YES;
				MTL_ENABLE_DEBUG_INFO = NO;
				MTL_FAST_MATH = YES;
				SDKROOT = iphoneos;
				SWIFT_COMPILATION_MODE = wholemodule;
				VALIDATE_PRODUCT = YES;
			};
			name = Release;
		};
		D7C2440D2B6A41ED005DD0FB /* Debug */ = {
			isa = XCBuildConfiguration;
			buildSettings = {
				ASSETCATALOG_COMPILER_APPICON_NAME = AppIcon;
				ASSETCATALOG_COMPILER_GLOBAL_ACCENT_COLOR_NAME = AccentColor;
				CODE_SIGN_STYLE = Automatic;
				CURRENT_PROJECT_VERSION = 1;
				DEVELOPMENT_ASSET_PATHS = "\"Hear it All/Preview Content\"";
				DEVELOPMENT_TEAM = 77U6BBK6Y5;
				ENABLE_PREVIEWS = YES;
				GENERATE_INFOPLIST_FILE = YES;
				INFOPLIST_FILE = "Hear-it-All-Info.plist";
				INFOPLIST_KEY_CFBundleDisplayName = "Hear it all";
				INFOPLIST_KEY_NSMicrophoneUsageDescription = "App'en bruger din mikrofon til oversættelsen af tale og lyd, til tekst";
				INFOPLIST_KEY_NSSpeechRecognitionUsageDescription = "App'en bruger din mikrofon for at optage dine omgivelser, mens du er i app'en. Du bestemmer selv om app'en må køre i baggrunden og optage - pr. default er dette slået fra.";
				INFOPLIST_KEY_UIApplicationSceneManifest_Generation = YES;
				INFOPLIST_KEY_UIApplicationSupportsIndirectInputEvents = YES;
				INFOPLIST_KEY_UILaunchScreen_Generation = YES;
				INFOPLIST_KEY_UISupportedInterfaceOrientations = UIInterfaceOrientationPortrait;
				INFOPLIST_KEY_UISupportedInterfaceOrientations_iPad = "UIInterfaceOrientationLandscapeLeft UIInterfaceOrientationLandscapeRight UIInterfaceOrientationPortrait UIInterfaceOrientationPortraitUpsideDown";
				LD_RUNPATH_SEARCH_PATHS = (
					"$(inherited)",
					"@executable_path/Frameworks",
				);
				MARKETING_VERSION = 1.0;
				PRODUCT_BUNDLE_IDENTIFIER = "HgPrograms.Hear-it-All";
				PRODUCT_NAME = "$(TARGET_NAME)";
				SWIFT_EMIT_LOC_STRINGS = YES;
				SWIFT_VERSION = 5.0;
				TARGETED_DEVICE_FAMILY = "1,2";
			};
			name = Debug;
		};
		D7C2440E2B6A41ED005DD0FB /* Release */ = {
			isa = XCBuildConfiguration;
			buildSettings = {
				ASSETCATALOG_COMPILER_APPICON_NAME = AppIcon;
				ASSETCATALOG_COMPILER_GLOBAL_ACCENT_COLOR_NAME = AccentColor;
				CODE_SIGN_STYLE = Automatic;
				CURRENT_PROJECT_VERSION = 1;
				DEVELOPMENT_ASSET_PATHS = "\"Hear it All/Preview Content\"";
				DEVELOPMENT_TEAM = 77U6BBK6Y5;
				ENABLE_PREVIEWS = YES;
				GENERATE_INFOPLIST_FILE = YES;
				INFOPLIST_FILE = "Hear-it-All-Info.plist";
				INFOPLIST_KEY_CFBundleDisplayName = "Hear it all";
				INFOPLIST_KEY_NSMicrophoneUsageDescription = "App'en bruger din mikrofon til oversættelsen af tale og lyd, til tekst";
				INFOPLIST_KEY_NSSpeechRecognitionUsageDescription = "App'en bruger din mikrofon for at optage dine omgivelser, mens du er i app'en. Du bestemmer selv om app'en må køre i baggrunden og optage - pr. default er dette slået fra.";
				INFOPLIST_KEY_UIApplicationSceneManifest_Generation = YES;
				INFOPLIST_KEY_UIApplicationSupportsIndirectInputEvents = YES;
				INFOPLIST_KEY_UILaunchScreen_Generation = YES;
				INFOPLIST_KEY_UISupportedInterfaceOrientations = UIInterfaceOrientationPortrait;
				INFOPLIST_KEY_UISupportedInterfaceOrientations_iPad = "UIInterfaceOrientationLandscapeLeft UIInterfaceOrientationLandscapeRight UIInterfaceOrientationPortrait UIInterfaceOrientationPortraitUpsideDown";
				LD_RUNPATH_SEARCH_PATHS = (
					"$(inherited)",
					"@executable_path/Frameworks",
				);
				MARKETING_VERSION = 1.0;
				PRODUCT_BUNDLE_IDENTIFIER = "HgPrograms.Hear-it-All";
				PRODUCT_NAME = "$(TARGET_NAME)";
				SWIFT_EMIT_LOC_STRINGS = YES;
				SWIFT_VERSION = 5.0;
				TARGETED_DEVICE_FAMILY = "1,2";
			};
			name = Release;
		};
		D7C244102B6A41ED005DD0FB /* Debug */ = {
			isa = XCBuildConfiguration;
			buildSettings = {
				ALWAYS_EMBED_SWIFT_STANDARD_LIBRARIES = YES;
				BUNDLE_LOADER = "$(TEST_HOST)";
				CODE_SIGN_STYLE = Automatic;
				CURRENT_PROJECT_VERSION = 1;
				DEVELOPMENT_TEAM = 579DK7H5M9;
				GENERATE_INFOPLIST_FILE = YES;
				IPHONEOS_DEPLOYMENT_TARGET = 17.2;
				MARKETING_VERSION = 1.0;
				PRODUCT_BUNDLE_IDENTIFIER = "HgPrograms.Hear-it-AllTests";
				PRODUCT_NAME = "$(TARGET_NAME)";
				SWIFT_EMIT_LOC_STRINGS = NO;
				SWIFT_VERSION = 5.0;
				TARGETED_DEVICE_FAMILY = "1,2";
				TEST_HOST = "$(BUILT_PRODUCTS_DIR)/Hear it All.app/$(BUNDLE_EXECUTABLE_FOLDER_PATH)/Hear it All";
			};
			name = Debug;
		};
		D7C244112B6A41ED005DD0FB /* Release */ = {
			isa = XCBuildConfiguration;
			buildSettings = {
				ALWAYS_EMBED_SWIFT_STANDARD_LIBRARIES = YES;
				BUNDLE_LOADER = "$(TEST_HOST)";
				CODE_SIGN_STYLE = Automatic;
				CURRENT_PROJECT_VERSION = 1;
				DEVELOPMENT_TEAM = 579DK7H5M9;
				GENERATE_INFOPLIST_FILE = YES;
				IPHONEOS_DEPLOYMENT_TARGET = 17.2;
				MARKETING_VERSION = 1.0;
				PRODUCT_BUNDLE_IDENTIFIER = "HgPrograms.Hear-it-AllTests";
				PRODUCT_NAME = "$(TARGET_NAME)";
				SWIFT_EMIT_LOC_STRINGS = NO;
				SWIFT_VERSION = 5.0;
				TARGETED_DEVICE_FAMILY = "1,2";
				TEST_HOST = "$(BUILT_PRODUCTS_DIR)/Hear it All.app/$(BUNDLE_EXECUTABLE_FOLDER_PATH)/Hear it All";
			};
			name = Release;
		};
		D7C244132B6A41ED005DD0FB /* Debug */ = {
			isa = XCBuildConfiguration;
			buildSettings = {
				ALWAYS_EMBED_SWIFT_STANDARD_LIBRARIES = YES;
				CODE_SIGN_STYLE = Automatic;
				CURRENT_PROJECT_VERSION = 1;
				DEVELOPMENT_TEAM = 579DK7H5M9;
				GENERATE_INFOPLIST_FILE = YES;
				INFOPLIST_FILE = "Hear-it-AllUITests-Info.plist";
				MARKETING_VERSION = 1.0;
				PRODUCT_BUNDLE_IDENTIFIER = "HgPrograms.Hear-it-AllUITests";
				PRODUCT_NAME = "$(TARGET_NAME)";
				SWIFT_EMIT_LOC_STRINGS = NO;
				SWIFT_VERSION = 5.0;
				TARGETED_DEVICE_FAMILY = "1,2";
				TEST_TARGET_NAME = "Hear it All";
			};
			name = Debug;
		};
		D7C244142B6A41ED005DD0FB /* Release */ = {
			isa = XCBuildConfiguration;
			buildSettings = {
				ALWAYS_EMBED_SWIFT_STANDARD_LIBRARIES = YES;
				CODE_SIGN_STYLE = Automatic;
				CURRENT_PROJECT_VERSION = 1;
				DEVELOPMENT_TEAM = 579DK7H5M9;
				GENERATE_INFOPLIST_FILE = YES;
				INFOPLIST_FILE = "Hear-it-AllUITests-Info.plist";
				MARKETING_VERSION = 1.0;
				PRODUCT_BUNDLE_IDENTIFIER = "HgPrograms.Hear-it-AllUITests";
				PRODUCT_NAME = "$(TARGET_NAME)";
				SWIFT_EMIT_LOC_STRINGS = NO;
				SWIFT_VERSION = 5.0;
				TARGETED_DEVICE_FAMILY = "1,2";
				TEST_TARGET_NAME = "Hear it All";
			};
			name = Release;
		};
/* End XCBuildConfiguration section */

/* Begin XCConfigurationList section */
		D7C243E32B6A41EC005DD0FB /* Build configuration list for PBXProject "Hear it All" */ = {
			isa = XCConfigurationList;
			buildConfigurations = (
				D7C2440A2B6A41ED005DD0FB /* Debug */,
				D7C2440B2B6A41ED005DD0FB /* Release */,
			);
			defaultConfigurationIsVisible = 0;
			defaultConfigurationName = Release;
		};
		D7C2440C2B6A41ED005DD0FB /* Build configuration list for PBXNativeTarget "Hear it All" */ = {
			isa = XCConfigurationList;
			buildConfigurations = (
				D7C2440D2B6A41ED005DD0FB /* Debug */,
				D7C2440E2B6A41ED005DD0FB /* Release */,
			);
			defaultConfigurationIsVisible = 0;
			defaultConfigurationName = Release;
		};
		D7C2440F2B6A41ED005DD0FB /* Build configuration list for PBXNativeTarget "Hear it AllTests" */ = {
			isa = XCConfigurationList;
			buildConfigurations = (
				D7C244102B6A41ED005DD0FB /* Debug */,
				D7C244112B6A41ED005DD0FB /* Release */,
			);
			defaultConfigurationIsVisible = 0;
			defaultConfigurationName = Release;
		};
		D7C244122B6A41ED005DD0FB /* Build configuration list for PBXNativeTarget "Hear it AllUITests" */ = {
			isa = XCConfigurationList;
			buildConfigurations = (
				D7C244132B6A41ED005DD0FB /* Debug */,
				D7C244142B6A41ED005DD0FB /* Release */,
			);
			defaultConfigurationIsVisible = 0;
			defaultConfigurationName = Release;
		};
/* End XCConfigurationList section */

/* Begin XCRemoteSwiftPackageReference section */
		E300BDE92B9E15AF00AA57C5 /* XCRemoteSwiftPackageReference "toast-swift" */ = {
			isa = XCRemoteSwiftPackageReference;
			repositoryURL = "https://github.com/BastiaanJansen/toast-swift";
			requirement = {
				kind = upToNextMajorVersion;
				minimumVersion = 2.1.2;
			};
		};
		E300BDEC2B9E1ED400AA57C5 /* XCRemoteSwiftPackageReference "PopupView" */ = {
			isa = XCRemoteSwiftPackageReference;
			repositoryURL = "https://github.com/exyte/PopupView";
			requirement = {
				kind = upToNextMajorVersion;
				minimumVersion = 2.9.0;
			};
		};
		E300BDF12B9E30FF00AA57C5 /* XCRemoteSwiftPackageReference "AlertToast" */ = {
			isa = XCRemoteSwiftPackageReference;
			repositoryURL = "https://github.com/elai950/AlertToast";
			requirement = {
				kind = upToNextMajorVersion;
				minimumVersion = 1.3.9;
			};
		};
		E3D70DDA2B98B6D3004435F4 /* XCRemoteSwiftPackageReference "firebase-ios-sdk" */ = {
			isa = XCRemoteSwiftPackageReference;
			repositoryURL = "https://github.com/firebase/firebase-ios-sdk";
			requirement = {
				kind = upToNextMajorVersion;
				minimumVersion = 10.22.0;
			};
		};
		E3D901532B9B4E9F0050D935 /* XCRemoteSwiftPackageReference "spline-ios" */ = {
			isa = XCRemoteSwiftPackageReference;
			repositoryURL = "https://github.com/splinetool/spline-ios";
			requirement = {
				branch = main;
				kind = branch;
			};
		};
/* End XCRemoteSwiftPackageReference section */

/* Begin XCSwiftPackageProductDependency section */
		E300BDEA2B9E15AF00AA57C5 /* Toast */ = {
			isa = XCSwiftPackageProductDependency;
			package = E300BDE92B9E15AF00AA57C5 /* XCRemoteSwiftPackageReference "toast-swift" */;
			productName = Toast;
		};
		E300BDED2B9E1ED400AA57C5 /* PopupView */ = {
			isa = XCSwiftPackageProductDependency;
			package = E300BDEC2B9E1ED400AA57C5 /* XCRemoteSwiftPackageReference "PopupView" */;
			productName = PopupView;
		};
		E300BDF22B9E30FF00AA57C5 /* AlertToast */ = {
			isa = XCSwiftPackageProductDependency;
			package = E300BDF12B9E30FF00AA57C5 /* XCRemoteSwiftPackageReference "AlertToast" */;
			productName = AlertToast;
		};
		E3D70DDB2B98B6D3004435F4 /* FirebaseAuth */ = {
			isa = XCSwiftPackageProductDependency;
			package = E3D70DDA2B98B6D3004435F4 /* XCRemoteSwiftPackageReference "firebase-ios-sdk" */;
			productName = FirebaseAuth;
		};
		E3D70DDD2B98B6D3004435F4 /* FirebaseCrashlytics */ = {
			isa = XCSwiftPackageProductDependency;
			package = E3D70DDA2B98B6D3004435F4 /* XCRemoteSwiftPackageReference "firebase-ios-sdk" */;
			productName = FirebaseCrashlytics;
		};
		E3D70DDF2B98B6D3004435F4 /* FirebaseDatabase */ = {
			isa = XCSwiftPackageProductDependency;
			package = E3D70DDA2B98B6D3004435F4 /* XCRemoteSwiftPackageReference "firebase-ios-sdk" */;
			productName = FirebaseDatabase;
		};
		E3D70DE12B98B6D3004435F4 /* FirebaseDatabaseSwift */ = {
			isa = XCSwiftPackageProductDependency;
			package = E3D70DDA2B98B6D3004435F4 /* XCRemoteSwiftPackageReference "firebase-ios-sdk" */;
			productName = FirebaseDatabaseSwift;
		};
		E3D70DE32B98B6D3004435F4 /* FirebaseFirestore */ = {
			isa = XCSwiftPackageProductDependency;
			package = E3D70DDA2B98B6D3004435F4 /* XCRemoteSwiftPackageReference "firebase-ios-sdk" */;
			productName = FirebaseFirestore;
		};
		E3D70DE52B98B6D3004435F4 /* FirebaseFirestoreSwift */ = {
			isa = XCSwiftPackageProductDependency;
			package = E3D70DDA2B98B6D3004435F4 /* XCRemoteSwiftPackageReference "firebase-ios-sdk" */;
			productName = FirebaseFirestoreSwift;
		};
		E3D70DE72B98B6D3004435F4 /* FirebaseStorage */ = {
			isa = XCSwiftPackageProductDependency;
			package = E3D70DDA2B98B6D3004435F4 /* XCRemoteSwiftPackageReference "firebase-ios-sdk" */;
			productName = FirebaseStorage;
		};
		E3D901542B9B4E9F0050D935 /* SplineRuntime */ = {
			isa = XCSwiftPackageProductDependency;
			package = E3D901532B9B4E9F0050D935 /* XCRemoteSwiftPackageReference "spline-ios" */;
			productName = SplineRuntime;
		};
/* End XCSwiftPackageProductDependency section */
	};
	rootObject = D7C243E02B6A41EC005DD0FB /* Project object */;
}
